{
  "name": "dynamite-dollars",
  "version": "0.1.0",
  "lockfileVersion": 1,
  "requires": true,
  "dependencies": {
    "core-js": {
      "version": "2.6.9",
      "resolved": "https://registry.npmjs.org/core-js/-/core-js-2.6.9.tgz",
      "integrity": "sha512-HOpZf6eXmnl7la+cUdMnLvUxKNqLUzJvgIziQ0DiF3JwSImNphIqdGqzj6hIKyX04MmV0poclQ7+wjWvxQyR2A=="
    },
    "vue-cli-plugin-vuetify": {
      "version": "git+https://github.com/vuetifyjs/vue-cli-plugin-vuetify.git#e0b706b23b8a31da4be1d8865b2e5246ddc4af0e",
      "from": "git+https://github.com/vuetifyjs/vue-cli-plugin-vuetify.git#dev",
      "dev": true
    }
  }
}
